
Microsoft Visual Studio Solution File, Format Version 12.00
# Visual Studio Version 16
VisualStudioVersion = 16.0.29409.12
MinimumVisualStudioVersion = 10.0.40219.1
Project("{FAE04EC0-301F-11D3-BF4B-00C04F79EFBC}") = "SharpSQL", "SharpSQL\SharpSQL.csproj", "{CD3578F6-01B7-48C9-9140-1AFA44B3A7C0}"
EndProject
Global
	GlobalSection(SolutionConfigurationPlatforms) = preSolution
		Debug|Any CPU = Debug|Any CPU
		Debug|x64 = Debug|x64
		Release|Any CPU = Release|Any CPU
		Release|x64 = Release|x64
	EndGlobalSection
	GlobalSection(ProjectConfigurationPlatforms) = postSolution
		{CD3578F6-01B7-48C9-9140-1AFA44B3A7C0}.Debug|Any CPU.ActiveCfg = Debug|Any CPU
		{CD3578F6-01B7-48C9-9140-1AFA44B3A7C0}.Debug|Any CPU.Build.0 = Debug|Any CPU
		{CD3578F6-01B7-48C9-9140-1AFA44B3A7C0}.Debug|x64.ActiveCfg = Debug|x64
		{CD3578F6-01B7-48C9-9140-1AFA44B3A7C0}.Debug|x64.Build.0 = Debug|x64
		{CD3578F6-01B7-48C9-9140-1AFA44B3A7C0}.Release|Any CPU.ActiveCfg = Release|Any CPU
		{CD3578F6-01B7-48C9-9140-1AFA44B3A7C0}.Release|Any CPU.Build.0 = Release|Any CPU
		{CD3578F6-01B7-48C9-9140-1AFA44B3A7C0}.Release|x64.ActiveCfg = Release|x64
		{CD3578F6-01B7-48C9-9140-1AFA44B3A7C0}.Release|x64.Build.0 = Release|x64
	EndGlobalSection
	GlobalSection(SolutionProperties) = preSolution
		HideSolutionNode = FALSE
	EndGlobalSection
	GlobalSection(ExtensibilityGlobals) = postSolution
		SolutionGuid = {26070162-EF57-42C5-A0D4-EBF2DF09B18A}
	EndGlobalSection
EndGlobal
